<?xml version="1.0" encoding="utf-8"?>
<Project ToolsVersion="4.0" xmlns="http://schemas.microsoft.com/developer/msbuild/2003">
  <ItemGroup>
    <Filter Include="Source Files">
      <UniqueIdentifier>{4FC737F1-C7A5-4376-A066-2A32D752A2FF}</UniqueIdentifier>
      <Extensions>cpp;c;cc;cxx;def;odl;idl;hpj;bat;asm;asmx</Extensions>
    </Filter>
    <Filter Include="Header Files">
      <UniqueIdentifier>{93995380-89BD-4b04-88EB-625FBE52EBFB}</UniqueIdentifier>
      <Extensions>h;hpp;hxx;hm;inl;inc;xsd</Extensions>
    </Filter>
    <Filter Include="Resource Files">
      <UniqueIdentifier>{67DA6AB6-F800-4c08-8B7A-83BB121AAD01}</UniqueIdentifier>
      <Extensions>rc;ico;cur;bmp;dlg;rc2;rct;bin;rgs;gif;jpg;jpeg;jpe;resx;tiff;tif;png;wav;mfcribbon-ms</Extensions>
    </Filter>
  </ItemGroup>
  <ItemGroup>
    <ClCompile Include="dllmain.cpp">
      <Filter>Source Files</Filter>
    </ClCompile>
    <ClCompile Include="..\..\utils\tss.c">
      <Filter>Source Files</Filter>
    </ClCompile>
    <ClCompile Include="..\..\utils\tssmarshal.c">
      <Filter>Source Files</Filter>
    </ClCompile>
    <ClCompile Include="..\..\utils\tssauth.c">
      <Filter>Source Files</Filter>
    </ClCompile>
    <ClCompile Include="..\..\utils\tsscrypto.c">
      <Filter>Source Files</Filter>
    </ClCompile>
    <ClCompile Include="..\..\utils\tssprint.c">
      <Filter>Source Files</Filter>
    </ClCompile>
    <ClCompile Include="..\..\utils\tssproperties.c">
      <Filter>Source Files</Filter>
    </ClCompile>
    <ClCompile Include="..\..\utils\tssresponsecode.c">
      <Filter>Source Files</Filter>
    </ClCompile>
    <ClCompile Include="..\..\utils\tsssocket.c">
      <Filter>Source Files</Filter>
    </ClCompile>
    <ClCompile Include="..\..\utils\tsstbsi.c">
      <Filter>Source Files</Filter>
    </ClCompile>
    <ClCompile Include="..\..\utils\tsstransmit.c">
      <Filter>Source Files</Filter>
    </ClCompile>
    <ClCompile Include="..\..\utils\tssutils.c">
      <Filter>Source Files</Filter>
    </ClCompile>
    <ClCompile Include="..\..\utils\tssccattributes.c">
      <Filter>Source Files</Filter>
    </ClCompile>
    <ClCompile Include="..\..\utils\tssfile.c">
      <Filter>Source Files</Filter>
    </ClCompile>
    <ClCompile Include="..\..\utils\CommandAttributeData.c">
      <Filter>Source Files</Filter>
    </ClCompile>
    <ClCompile Include="..\..\utils\Commands.c">
      <Filter>Source Files</Filter>
    </ClCompile>
    <ClCompile Include="..\..\utils\Unmarshal.c">
      <Filter>Source Files</Filter>
    </ClCompile>
    <ClCompile Include="..\..\utils\tsscryptoh.c">
      <Filter>Source Files</Filter>
    </ClCompile>
    <ClCompile Include="..\..\utils\tssntc.c">
      <Filter>Source Files</Filter>
    </ClCompile>
    <ClCompile Include="..\..\utils\tss20.c">
      <Filter>Source Files</Filter>
    </ClCompile>
    <ClCompile Include="..\..\utils\tssauth20.c">
      <Filter>Source Files</Filter>
    </ClCompile>
    <ClCompile Include="..\..\utils\tssprintcmd.c">
      <Filter>Source Files</Filter>
    </ClCompile>
  </ItemGroup>
</Project>